
Microsoft Visual Studio Solution File, Format Version 12.00
# Visual Studio Version 16
VisualStudioVersion = 16.0.33214.272
MinimumVisualStudioVersion = 10.0.40219.1
Project("{8BC9CEB8-8B4A-11D0-8D11-00A0C91BC942}") = "Task_2", "Task_2.vcxproj", "{6CAD7669-D385-4F71-97F4-FB09D8A82D90}"
EndProject
Global
	GlobalSection(SolutionConfigurationPlatforms) = preSolution
		Debug|x64 = Debug|x64
		Debug|x86 = Debug|x86
		Release|x64 = Release|x64
		Release|x86 = Release|x86
	EndGlobalSection
	GlobalSection(ProjectConfigurationPlatforms) = postSolution
		{6CAD7669-D385-4F71-97F4-FB09D8A82D90}.Debug|x64.ActiveCfg = Debug|x64
		{6CAD7669-D385-4F71-97F4-FB09D8A82D90}.Debug|x64.Build.0 = Debug|x64
		{6CAD7669-D385-4F71-97F4-FB09D8A82D90}.Debug|x86.ActiveCfg = Debug|Win32
		{6CAD7669-D385-4F71-97F4-FB09D8A82D90}.Debug|x86.Build.0 = Debug|Win32
		{6CAD7669-D385-4F71-97F4-FB09D8A82D90}.Release|x64.ActiveCfg = Release|x64
		{6CAD7669-D385-4F71-97F4-FB09D8A82D90}.Release|x64.Build.0 = Release|x64
		{6CAD7669-D385-4F71-97F4-FB09D8A82D90}.Release|x86.ActiveCfg = Release|Win32
		{6CAD7669-D385-4F71-97F4-FB09D8A82D90}.Release|x86.Build.0 = Release|Win32
	EndGlobalSection
	GlobalSection(SolutionProperties) = preSolution
		HideSolutionNode = FALSE
	EndGlobalSection
	GlobalSection(ExtensibilityGlobals) = postSolution
		SolutionGuid = {7A6A7A21-26C8-41E9-9673-89139D244D5A}
	EndGlobalSection
EndGlobal
